
Microsoft Visual Studio Solution File, Format Version 12.00
# Visual Studio 2012
VisualStudioVersion = 12.0.30501.0
MinimumVisualStudioVersion = 10.0.40219.1
Project("{f2a71f9b-5d33-465a-a702-920d77279786}") = "Tamarin", "src\Tamarin.fsproj", "{33D50D0D-839B-4377-9106-EF4A7F136073}"
EndProject
Project("{2150E333-8FDC-42A3-9474-1A3956D46DE8}") = "Samples", "Samples", "{DB8B3743-84BB-4C0F-A665-DEF7B73D282D}"
EndProject
Project("{f2a71f9b-5d33-465a-a702-920d77279786}") = "TipCalc", "samples\TipCalc\TipCalc.fsproj", "{6E5E9EA6-177A-4B21-9214-05F1A207D22F}"
EndProject
Project("{f2a71f9b-5d33-465a-a702-920d77279786}") = "Todo", "samples\Todo\Todo.fsproj", "{098F5E93-A260-4483-8E4B-572287B47A53}"
EndProject
Project("{f2a71f9b-5d33-465a-a702-920d77279786}") = "TabbedPageDemo", "samples\TabbedPageDemo\TabbedPageDemo.fsproj", "{4C62AA7A-404F-47BA-A25B-308E1F4D4FC7}"
EndProject
Global
	GlobalSection(SolutionConfigurationPlatforms) = preSolution
		Debug|Any CPU = Debug|Any CPU
		Release|Any CPU = Release|Any CPU
		Debug|iPhoneSimulator = Debug|iPhoneSimulator
		Release|iPhoneSimulator = Release|iPhoneSimulator
		Debug|iPhone = Debug|iPhone
		Release|iPhone = Release|iPhone
		Ad-Hoc|iPhone = Ad-Hoc|iPhone
		AppStore|iPhone = AppStore|iPhone
	EndGlobalSection
	GlobalSection(ProjectConfigurationPlatforms) = postSolution
		{098F5E93-A260-4483-8E4B-572287B47A53}.Ad-Hoc|iPhone.ActiveCfg = Ad-Hoc|iPhone
		{098F5E93-A260-4483-8E4B-572287B47A53}.Ad-Hoc|iPhone.Build.0 = Ad-Hoc|iPhone
		{098F5E93-A260-4483-8E4B-572287B47A53}.AppStore|iPhone.ActiveCfg = AppStore|iPhone
		{098F5E93-A260-4483-8E4B-572287B47A53}.AppStore|iPhone.Build.0 = AppStore|iPhone
		{098F5E93-A260-4483-8E4B-572287B47A53}.Debug|Any CPU.ActiveCfg = Debug|iPhoneSimulator
		{098F5E93-A260-4483-8E4B-572287B47A53}.Debug|Any CPU.Build.0 = Debug|iPhoneSimulator
		{098F5E93-A260-4483-8E4B-572287B47A53}.Debug|iPhone.ActiveCfg = Debug|iPhone
		{098F5E93-A260-4483-8E4B-572287B47A53}.Debug|iPhone.Build.0 = Debug|iPhone
		{098F5E93-A260-4483-8E4B-572287B47A53}.Debug|iPhoneSimulator.ActiveCfg = Debug|iPhoneSimulator
		{098F5E93-A260-4483-8E4B-572287B47A53}.Debug|iPhoneSimulator.Build.0 = Debug|iPhoneSimulator
		{098F5E93-A260-4483-8E4B-572287B47A53}.Release|Any CPU.ActiveCfg = Release|iPhoneSimulator
		{098F5E93-A260-4483-8E4B-572287B47A53}.Release|Any CPU.Build.0 = Release|iPhoneSimulator
		{098F5E93-A260-4483-8E4B-572287B47A53}.Release|iPhone.ActiveCfg = Release|iPhone
		{098F5E93-A260-4483-8E4B-572287B47A53}.Release|iPhone.Build.0 = Release|iPhone
		{098F5E93-A260-4483-8E4B-572287B47A53}.Release|iPhoneSimulator.ActiveCfg = Release|iPhoneSimulator
		{098F5E93-A260-4483-8E4B-572287B47A53}.Release|iPhoneSimulator.Build.0 = Release|iPhoneSimulator
		{4C62AA7A-404F-47BA-A25B-308E1F4D4FC7}.Ad-Hoc|iPhone.ActiveCfg = Ad-Hoc|iPhone
		{4C62AA7A-404F-47BA-A25B-308E1F4D4FC7}.Ad-Hoc|iPhone.Build.0 = Ad-Hoc|iPhone
		{4C62AA7A-404F-47BA-A25B-308E1F4D4FC7}.AppStore|iPhone.ActiveCfg = AppStore|iPhone
		{4C62AA7A-404F-47BA-A25B-308E1F4D4FC7}.AppStore|iPhone.Build.0 = AppStore|iPhone
		{4C62AA7A-404F-47BA-A25B-308E1F4D4FC7}.Debug|Any CPU.ActiveCfg = Debug|iPhoneSimulator
		{4C62AA7A-404F-47BA-A25B-308E1F4D4FC7}.Debug|Any CPU.Build.0 = Debug|iPhoneSimulator
		{4C62AA7A-404F-47BA-A25B-308E1F4D4FC7}.Debug|iPhone.ActiveCfg = Debug|iPhone
		{4C62AA7A-404F-47BA-A25B-308E1F4D4FC7}.Debug|iPhone.Build.0 = Debug|iPhone
		{4C62AA7A-404F-47BA-A25B-308E1F4D4FC7}.Debug|iPhoneSimulator.ActiveCfg = Debug|iPhoneSimulator
		{4C62AA7A-404F-47BA-A25B-308E1F4D4FC7}.Debug|iPhoneSimulator.Build.0 = Debug|iPhoneSimulator
		{4C62AA7A-404F-47BA-A25B-308E1F4D4FC7}.Release|Any CPU.ActiveCfg = Release|iPhoneSimulator
		{4C62AA7A-404F-47BA-A25B-308E1F4D4FC7}.Release|Any CPU.Build.0 = Release|iPhoneSimulator
		{4C62AA7A-404F-47BA-A25B-308E1F4D4FC7}.Release|iPhone.ActiveCfg = Release|iPhone
		{4C62AA7A-404F-47BA-A25B-308E1F4D4FC7}.Release|iPhone.Build.0 = Release|iPhone
		{4C62AA7A-404F-47BA-A25B-308E1F4D4FC7}.Release|iPhoneSimulator.ActiveCfg = Release|iPhoneSimulator
		{4C62AA7A-404F-47BA-A25B-308E1F4D4FC7}.Release|iPhoneSimulator.Build.0 = Release|iPhoneSimulator
		{6E5E9EA6-177A-4B21-9214-05F1A207D22F}.Ad-Hoc|iPhone.ActiveCfg = Ad-Hoc|iPhone
		{6E5E9EA6-177A-4B21-9214-05F1A207D22F}.Ad-Hoc|iPhone.Build.0 = Ad-Hoc|iPhone
		{6E5E9EA6-177A-4B21-9214-05F1A207D22F}.AppStore|iPhone.ActiveCfg = AppStore|iPhone
		{6E5E9EA6-177A-4B21-9214-05F1A207D22F}.AppStore|iPhone.Build.0 = AppStore|iPhone
		{6E5E9EA6-177A-4B21-9214-05F1A207D22F}.Debug|Any CPU.ActiveCfg = Debug|iPhoneSimulator
		{6E5E9EA6-177A-4B21-9214-05F1A207D22F}.Debug|Any CPU.Build.0 = Debug|iPhoneSimulator
		{6E5E9EA6-177A-4B21-9214-05F1A207D22F}.Debug|iPhone.ActiveCfg = Debug|iPhone
		{6E5E9EA6-177A-4B21-9214-05F1A207D22F}.Debug|iPhone.Build.0 = Debug|iPhone
		{6E5E9EA6-177A-4B21-9214-05F1A207D22F}.Debug|iPhoneSimulator.ActiveCfg = Debug|iPhoneSimulator
		{6E5E9EA6-177A-4B21-9214-05F1A207D22F}.Debug|iPhoneSimulator.Build.0 = Debug|iPhoneSimulator
		{6E5E9EA6-177A-4B21-9214-05F1A207D22F}.Release|Any CPU.ActiveCfg = Release|iPhoneSimulator
		{6E5E9EA6-177A-4B21-9214-05F1A207D22F}.Release|Any CPU.Build.0 = Release|iPhoneSimulator
		{6E5E9EA6-177A-4B21-9214-05F1A207D22F}.Release|iPhone.ActiveCfg = Release|iPhone
		{6E5E9EA6-177A-4B21-9214-05F1A207D22F}.Release|iPhone.Build.0 = Release|iPhone
		{6E5E9EA6-177A-4B21-9214-05F1A207D22F}.Release|iPhoneSimulator.ActiveCfg = Release|iPhoneSimulator
		{6E5E9EA6-177A-4B21-9214-05F1A207D22F}.Release|iPhoneSimulator.Build.0 = Release|iPhoneSimulator
		{58DF417F-B9DD-4395-94E3-A225DDA75E1D}.Ad-Hoc|iPhone.ActiveCfg = Release|Any CPU
		{58DF417F-B9DD-4395-94E3-A225DDA75E1D}.Ad-Hoc|iPhone.Build.0 = Release|Any CPU
		{58DF417F-B9DD-4395-94E3-A225DDA75E1D}.AppStore|iPhone.ActiveCfg = Release|Any CPU
		{58DF417F-B9DD-4395-94E3-A225DDA75E1D}.AppStore|iPhone.Build.0 = Release|Any CPU
		{58DF417F-B9DD-4395-94E3-A225DDA75E1D}.Debug|Any CPU.ActiveCfg = Debug|Any CPU
		{58DF417F-B9DD-4395-94E3-A225DDA75E1D}.Debug|Any CPU.Build.0 = Debug|Any CPU
		{58DF417F-B9DD-4395-94E3-A225DDA75E1D}.Debug|iPhone.ActiveCfg = Debug|Any CPU
		{58DF417F-B9DD-4395-94E3-A225DDA75E1D}.Debug|iPhone.Build.0 = Debug|Any CPU
		{58DF417F-B9DD-4395-94E3-A225DDA75E1D}.Debug|iPhoneSimulator.ActiveCfg = Debug|Any CPU
		{58DF417F-B9DD-4395-94E3-A225DDA75E1D}.Debug|iPhoneSimulator.Build.0 = Debug|Any CPU
		{58DF417F-B9DD-4395-94E3-A225DDA75E1D}.Release|Any CPU.ActiveCfg = Release|Any CPU
		{58DF417F-B9DD-4395-94E3-A225DDA75E1D}.Release|Any CPU.Build.0 = Release|Any CPU
		{58DF417F-B9DD-4395-94E3-A225DDA75E1D}.Release|iPhone.ActiveCfg = Release|Any CPU
		{58DF417F-B9DD-4395-94E3-A225DDA75E1D}.Release|iPhone.Build.0 = Release|Any CPU
		{58DF417F-B9DD-4395-94E3-A225DDA75E1D}.Release|iPhoneSimulator.ActiveCfg = Release|Any CPU
		{58DF417F-B9DD-4395-94E3-A225DDA75E1D}.Release|iPhoneSimulator.Build.0 = Release|Any CPU
	EndGlobalSection
	GlobalSection(NestedProjects) = preSolution
		{6E5E9EA6-177A-4B21-9214-05F1A207D22F} = {DB8B3743-84BB-4C0F-A665-DEF7B73D282D}
		{098F5E93-A260-4483-8E4B-572287B47A53} = {DB8B3743-84BB-4C0F-A665-DEF7B73D282D}
		{4C62AA7A-404F-47BA-A25B-308E1F4D4FC7} = {DB8B3743-84BB-4C0F-A665-DEF7B73D282D}
	EndGlobalSection
	GlobalSection(MonoDevelopProperties) = preSolution
		StartupItem = samples\TabbedPageDemo\TabbedPageDemo.fsproj
	EndGlobalSection
	GlobalSection(SolutionProperties) = preSolution
		HideSolutionNode = FALSE
	EndGlobalSection
EndGlobal
